# Run ./gradlew --write-locks to regenerate this file
com.fasterxml.jackson:jackson-bom:2.13.1 (9 constraints: 43c2e357)
com.fasterxml.jackson.core:jackson-annotations:2.13.1 (8 constraints: 977c4127)
com.fasterxml.jackson.core:jackson-core:2.13.1 (12 constraints: d6ead5a1)
com.fasterxml.jackson.core:jackson-databind:2.13.1 (18 constraints: 6163aa58)
com.fasterxml.jackson.dataformat:jackson-dataformat-cbor:2.13.1 (2 constraints: 332bfd86)
com.fasterxml.jackson.dataformat:jackson-dataformat-smile:2.13.1 (2 constraints: 332bfd86)
com.fasterxml.jackson.datatype:jackson-datatype-guava:2.13.1 (3 constraints: 2737d491)
com.fasterxml.jackson.datatype:jackson-datatype-jdk8:2.13.1 (3 constraints: 2737d491)
com.fasterxml.jackson.datatype:jackson-datatype-joda:2.13.1 (2 constraints: 332bfd86)
com.fasterxml.jackson.datatype:jackson-datatype-jsr310:2.13.1 (2 constraints: 332bfd86)
com.fasterxml.jackson.module:jackson-module-afterburner:2.13.1 (2 constraints: 4f2bf888)
com.github.ben-manes.caffeine:caffeine:3.0.5 (2 constraints: ba178e4e)
com.google.auto:auto-common:0.11 (1 constraints: e711f5e8)
com.google.code.findbugs:jsr305:3.0.2 (12 constraints: 30ab4ac2)
com.google.errorprone:error_prone_annotations:2.7.1 (14 constraints: 8dcfccf7)
com.google.guava:failureaccess:1.0.1 (2 constraints: d5150d01)
com.google.guava:guava:31.1-jre (15 constraints: 7ef3b056)
com.google.guava:listenablefuture:9999.0-empty-to-avoid-conflict-with-guava (2 constraints: 27311c3a)
com.google.j2objc:j2objc-annotations:1.3 (2 constraints: 1d15b8b5)
com.palantir.common:streams:1.9.1 (1 constraints: 0d050c36)
com.palantir.conjure.java:conjure-lib:6.32.0 (1 constraints: 3d05553b)
com.palantir.conjure.java.api:errors:2.24.0 (2 constraints: 59155fda)
com.palantir.conjure.java.api:service-config:2.24.0 (2 constraints: 5319d6db)
com.palantir.conjure.java.api:ssl-config:2.24.0 (2 constraints: a2257a38)
com.palantir.conjure.java.runtime:client-config:7.29.0 (1 constraints: 44056c3b)
com.palantir.conjure.java.runtime:conjure-java-jackson-optimizations:7.29.0 (1 constraints: 881ccda4)
com.palantir.conjure.java.runtime:conjure-java-jackson-serialization:7.29.0 (2 constraints: 6516fe0f)
com.palantir.conjure.java.runtime:keystores:7.29.0 (2 constraints: 67196ade)
com.palantir.goethe:goethe:0.6.0 (1 constraints: 0805fd35)
com.palantir.refreshable:refreshable:2.2.0 (2 constraints: ea18d2b1)
com.palantir.ri:resource-identifier:2.3.0 (2 constraints: f31494b6)
com.palantir.safe-logging:logger:1.22.0 (9 constraints: e1881fca)
com.palantir.safe-logging:logger-slf4j:1.22.0 (1 constraints: 300e8550)
com.palantir.safe-logging:logger-spi:1.22.0 (2 constraints: 6f1e00b0)
com.palantir.safe-logging:preconditions:1.22.0 (14 constraints: 5ce71a96)
com.palantir.safe-logging:safe-logging:1.22.0 (12 constraints: e3bb4c75)
com.palantir.safethreadlocalrandom:safe-thread-local-random:0.1.0 (1 constraints: 0305ee35)
com.palantir.tokens:auth-tokens:3.12.0 (3 constraints: 1328ab8a)
com.palantir.tracing:tracing:6.9.0 (2 constraints: 0216b4ea)
com.palantir.tracing:tracing-api:6.9.0 (2 constraints: b711d2fa)
com.palantir.tritium:tritium-api:0.42.0 (2 constraints: 2d1f6abc)
com.palantir.tritium:tritium-core:0.42.0 (1 constraints: 3e103ea2)
com.palantir.tritium:tritium-metrics:0.42.0 (1 constraints: 3805353b)
com.palantir.tritium:tritium-registry:0.42.0 (3 constraints: 9229110b)
com.squareup:javapoet:1.13.0 (2 constraints: 2b113eee)
commons-codec:commons-codec:1.15 (1 constraints: 0d13c328)
io.dropwizard.metrics:metrics-core:4.1.1 (3 constraints: a925881b)
jakarta.annotation:jakarta.annotation-api:1.3.5 (3 constraints: ee256969)
jakarta.ws.rs:jakarta.ws.rs-api:2.1.6 (3 constraints: ee256969)
joda-time:joda-time:2.10.8 (1 constraints: 2e16acf1)
org.apache.httpcomponents.client5:httpclient5:5.1.3 (1 constraints: 0b050a36)
org.apache.httpcomponents.core5:httpcore5:5.1.3 (3 constraints: 9e2a31a9)
org.apache.httpcomponents.core5:httpcore5-h2:5.1.3 (1 constraints: 3d13093c)
org.checkerframework:checker-qual:3.19.0 (4 constraints: d030d289)
org.derive4j:derive4j-annotation:1.1.1 (1 constraints: 0505f435)
org.glassfish.hk2:osgi-resource-locator:1.0.3 (1 constraints: ef10e7c2)
org.glassfish.hk2.external:jakarta.inject:2.6.1 (1 constraints: f410fcc2)
org.glassfish.jersey.core:jersey-common:2.31 (1 constraints: da04fa30)
org.hdrhistogram:HdrHistogram:2.1.12 (1 constraints: 3e103aa2)
org.immutables:value:2.8.8 (1 constraints: 14051536)
org.mpierce.metrics.reservoir:hdrhistogram-metrics-reservoir:1.1.3 (1 constraints: 0d10f991)
org.slf4j:slf4j-api:1.7.36 (8 constraints: b080201b)

[Test dependencies]
com.fasterxml.jackson.dataformat:jackson-dataformat-yaml:2.13.1 (2 constraints: ed13f881)
com.google.auto.value:auto-value:1.7.4 (1 constraints: 1f1221fb)
com.google.auto.value:auto-value-annotations:1.7.4 (1 constraints: 640a29b9)
com.google.code.findbugs:annotations:3.0.1 (1 constraints: 9e0aafc3)
com.google.testing.compile:compile-testing:0.19 (1 constraints: de04f630)
com.google.truth:truth:1.1 (1 constraints: b71111d7)
com.palantir.safe-logging:preconditions-assertj:1.22.0 (1 constraints: 3705333b)
com.palantir.tracing:tracing-test-utils:6.9.0 (1 constraints: 11052436)
com.spotify.dataenum:dataenum:1.4.1 (1 constraints: e9105ac1)
com.squareup.okhttp3:mockwebserver:3.13.1 (1 constraints: 3a053f3b)
com.squareup.okhttp3:okhttp:3.13.1 (2 constraints: a014ba9d)
com.squareup.okio:okio:1.17.2 (1 constraints: 850cc309)
commons-logging:commons-logging:1.2 (2 constraints: 8215ead1)
de.erichseifert.vectorgraphics2d:VectorGraphics2D:0.13 (1 constraints: 8c0a80bb)
de.rototor.pdfbox:graphics2d:0.25 (1 constraints: 8f0a84bb)
io.undertow:undertow-core:2.2.16.Final (1 constraints: 55073561)
junit:junit:4.13.2 (6 constraints: 175733ba)
net.bytebuddy:byte-buddy:1.12.7 (1 constraints: 450b3fde)
net.bytebuddy:byte-buddy-agent:1.12.7 (1 constraints: 450b3fde)
net.jcip:jcip-annotations:1.0 (1 constraints: 560ff165)
net.sf.jopt-simple:jopt-simple:5.0.4 (1 constraints: be0ad6cc)
org.apache-extras.beanshell:bsh:2.0b6 (1 constraints: ac07626b)
org.apache.commons:commons-lang3:3.12.0 (1 constraints: 38053b3b)
org.apache.commons:commons-math3:3.2 (1 constraints: 5c0a8ab7)
org.apache.logging.log4j:log4j-api:2.17.2 (2 constraints: 961f4845)
org.apache.logging.log4j:log4j-core:2.17.2 (2 constraints: 15169625)
org.apache.logging.log4j:log4j-slf4j-impl:2.17.2 (1 constraints: 3e05463b)
org.apache.pdfbox:fontbox:2.0.17 (1 constraints: 180b71d8)
org.apache.pdfbox:pdfbox:2.0.17 (1 constraints: b40c5915)
org.assertj:assertj-core:3.22.0 (3 constraints: 4c25134b)
org.assertj:assertj-guava:3.3.0 (1 constraints: 08050336)
org.awaitility:awaitility:4.2.0 (1 constraints: 08050536)
org.hamcrest:hamcrest:2.2 (3 constraints: f41da570)
org.hamcrest:hamcrest-core:2.2 (3 constraints: 2f17d637)
org.hamcrest:hamcrest-library:2.1 (1 constraints: 1507415c)
org.jboss.logging:jboss-logging:3.4.1.Final (3 constraints: f03036d7)
org.jboss.threads:jboss-threads:3.1.0.Final (2 constraints: 561a9b42)
org.jboss.xnio:xnio-api:3.8.6.Final (2 constraints: 751afd45)
org.jboss.xnio:xnio-nio:3.8.6.Final (1 constraints: c70dc430)
org.jmock:jmock:2.12.0 (1 constraints: 3705353b)
org.jmock:jmock-testjar:2.12.0 (1 constraints: a507a272)
org.junit:junit-bom:5.8.2 (8 constraints: f587147e)
org.junit.jupiter:junit-jupiter:5.8.2 (2 constraints: 260e7a59)
org.junit.jupiter:junit-jupiter-api:5.8.2 (7 constraints: 8361baf7)
org.junit.jupiter:junit-jupiter-engine:5.8.2 (2 constraints: 2117d23c)
org.junit.jupiter:junit-jupiter-migrationsupport:5.8.2 (2 constraints: 260e7a59)
org.junit.jupiter:junit-jupiter-params:5.8.2 (3 constraints: 311c3fcb)
org.junit.platform:junit-platform-commons:1.8.2 (3 constraints: ee29ed2b)
org.junit.platform:junit-platform-engine:1.8.2 (3 constraints: 3c2ac55d)
org.junit.vintage:junit-vintage-engine:5.8.2 (2 constraints: 260e7a59)
org.knowm.xchart:xchart:3.6.1 (1 constraints: 0c050d36)
org.mockito:mockito-core:4.3.1 (2 constraints: cc131a65)
org.mockito:mockito-junit-jupiter:4.3.1 (1 constraints: 0a050936)
org.objenesis:objenesis:3.2 (1 constraints: b10a13bd)
org.openjdk.jmh:jmh-core:1.34 (1 constraints: dc04f930)
org.opentest4j:opentest4j:1.2.0 (2 constraints: cd205b49)
org.ow2.asm:asm:9.0 (2 constraints: 1c1131dd)
org.wildfly.client:wildfly-client-config:1.0.1.Final (1 constraints: 940c6308)
org.wildfly.common:wildfly-common:1.5.4.Final (2 constraints: 741cfbf1)
org.yaml:snakeyaml:1.28 (1 constraints: 7317fb27)
