# Run ./gradlew writeVersionsLocks to regenerate this file. Blank lines are to minimize merge conflicts.

com.fasterxml.jackson.core:jackson-annotations:2.21 (10 constraints: 44b470ae)

com.fasterxml.jackson.core:jackson-core:2.21.4 (11 constraints: 5fe5a0c9)

com.fasterxml.jackson.core:jackson-databind:2.21.4 (15 constraints: 5631465d)

com.fasterxml.jackson.dataformat:jackson-dataformat-cbor:2.21.4 (1 constraints: 7f1c9ba4)

com.fasterxml.jackson.dataformat:jackson-dataformat-smile:2.21.4 (1 constraints: 7f1c9ba4)

com.fasterxml.jackson.datatype:jackson-datatype-guava:2.21.4 (1 constraints: 7f1c9ba4)

com.fasterxml.jackson.datatype:jackson-datatype-jdk8:2.21.4 (1 constraints: 7f1c9ba4)

com.fasterxml.jackson.datatype:jackson-datatype-joda:2.21.4 (1 constraints: 7f1c9ba4)

com.fasterxml.jackson.datatype:jackson-datatype-jsr310:2.21.4 (1 constraints: 7f1c9ba4)

com.github.ben-manes.caffeine:caffeine:3.2.4 (2 constraints: bc17cc4e)

com.google.auto:auto-common:1.2.2 (1 constraints: 181210fb)

com.google.code.findbugs:jsr305:3.0.2 (10 constraints: 24a6381c)

com.google.errorprone:error_prone_annotations:2.49.0 (18 constraints: b61ecbc1)

com.google.guava:failureaccess:1.0.2 (1 constraints: 150ae2b4)

com.google.guava:guava:33.4.0-android (17 constraints: a92f061f)

com.google.guava:listenablefuture:9999.0-empty-to-avoid-conflict-with-guava (1 constraints: bd17c918)

com.google.j2objc:j2objc-annotations:3.0.0 (1 constraints: 150aeab4)

com.palantir.common:streams:2.11.0 (1 constraints: 3605323b)

com.palantir.conjure.java:conjure-lib:8.80.0 (2 constraints: 33246b7a)

com.palantir.conjure.java.api:errors:2.74.0 (3 constraints: 80294d15)

com.palantir.conjure.java.api:service-config:2.74.0 (2 constraints: 5d191bdd)

com.palantir.conjure.java.api:ssl-config:2.74.0 (4 constraints: 083fa1a0)

com.palantir.conjure.java.runtime:client-config:8.38.0 (1 constraints: 4505733b)

com.palantir.conjure.java.runtime:conjure-java-jackson-optimizations:8.38.0 (1 constraints: 891cd4a4)

com.palantir.conjure.java.runtime:conjure-java-jackson-serialization:8.38.0 (2 constraints: 68164010)

com.palantir.conjure.java.runtime:keystores:8.38.0 (2 constraints: 6919b1de)

com.palantir.deadlines:deadlines:0.23.0 (1 constraints: 3705303b)

com.palantir.goethe:goethe:0.24.0 (1 constraints: 3805333b)

com.palantir.javapoet:javapoet:0.16.0 (2 constraints: 2f118cee)

com.palantir.nylon:nylon-threads:0.11.0 (1 constraints: 3a102fa2)

com.palantir.refreshable:refreshable:2.14.0 (2 constraints: 511995db)

com.palantir.ri:resource-identifier:2.19.0 (2 constraints: 60152edb)

com.palantir.safe-logging:logger:3.16.0 (13 constraints: e0d02708)

com.palantir.safe-logging:logger-slf4j:3.16.0 (1 constraints: 350e9950)

com.palantir.safe-logging:logger-spi:3.16.0 (2 constraints: 791e18b1)

com.palantir.safe-logging:preconditions:3.16.0 (20 constraints: 3c4314f0)

com.palantir.safe-logging:safe-logging:3.16.0 (19 constraints: 9634af46)

com.palantir.safethreadlocalrandom:safe-thread-local-random:0.10.0 (1 constraints: 3305233b)

com.palantir.tokens:auth-tokens:4.6.0 (3 constraints: 8e27dc2d)

com.palantir.tracing:tracing:6.36.0 (3 constraints: b924f4fd)

com.palantir.tracing:tracing-api:6.36.0 (2 constraints: 17122119)

com.palantir.tritium:tritium-api:0.131.0 (2 constraints: 8b1f7cf3)

com.palantir.tritium:tritium-core:0.131.0 (1 constraints: 6d10a6b2)

com.palantir.tritium:tritium-ids:0.131.0 (1 constraints: fe0f9aa6)

com.palantir.tritium:tritium-metrics:0.131.0 (2 constraints: e5135b8a)

com.palantir.tritium:tritium-registry:0.131.0 (5 constraints: d557a021)

com.squareup:javapoet:1.13.0 (1 constraints: f50b65f7)

io.dropwizard.metrics:metrics-core:4.2.39 (5 constraints: 3a51ff2d)

io.smallrye.common:smallrye-common-annotation:2.14.0 (1 constraints: f20d0944)

io.smallrye.common:smallrye-common-constraint:2.14.0 (4 constraints: e841a41c)

io.smallrye.common:smallrye-common-cpu:2.14.0 (2 constraints: a21c34e8)

io.smallrye.common:smallrye-common-expression:2.4.0 (1 constraints: b10e835a)

io.smallrye.common:smallrye-common-function:2.14.0 (2 constraints: 8b21dfa9)

io.smallrye.common:smallrye-common-net:2.4.0 (1 constraints: b10e835a)

io.smallrye.common:smallrye-common-os:2.4.0 (1 constraints: b10e835a)

io.smallrye.common:smallrye-common-ref:2.4.0 (1 constraints: b10e835a)

javax.annotation:javax.annotation-api:1.3.2 (1 constraints: 0805fb35)

joda-time:joda-time:2.12.7 (1 constraints: 2f16b1f1)

org.apache.httpcomponents.client5:httpclient5:5.6.1 (1 constraints: 0e051736)

org.apache.httpcomponents.core5:httpcore5:5.4 (3 constraints: e7292513)

org.apache.httpcomponents.core5:httpcore5-h2:5.4 (1 constraints: df12c515)

org.checkerframework:checker-qual:3.43.0 (1 constraints: 4c0a4abf)

org.derive4j:derive4j-annotation:1.1.1 (1 constraints: 0505f435)

org.eclipse.collections:eclipse-collections:13.0.0 (1 constraints: 1c1091a9)

org.eclipse.collections:eclipse-collections-api:13.0.0 (2 constraints: fa22df26)

org.hdrhistogram:HdrHistogram:2.2.2 (1 constraints: 0e100092)

org.immutables:value:2.12.2 (2 constraints: 0215eec1)

org.jboss.logging:jboss-logging:3.6.1.Final (7 constraints: c283b7cb)

org.jboss.threads:jboss-threads:3.9.2 (3 constraints: a8285de8)

org.jetbrains:annotations:26.1.0 (4 constraints: 14352e3a)

org.jspecify:jspecify:1.0.0 (16 constraints: b3f9efa4)

org.mpierce.metrics.reservoir:hdrhistogram-metrics-reservoir:1.1.3 (1 constraints: 0d10f991)

org.slf4j:slf4j-api:2.0.17 (9 constraints: a591a01a)

org.wildfly.common:wildfly-common:2.0.1 (2 constraints: 591adc48)



[Test dependencies]

com.fasterxml.jackson.dataformat:jackson-dataformat-yaml:2.21.4 (1 constraints: 3b053a3b)

com.google.auto.value:auto-value-annotations:1.11.0 (2 constraints: d01cd319)

com.google.code.findbugs:annotations:3.0.1u2 (1 constraints: 450b07da)

com.google.testing.compile:compile-testing:0.23.0 (1 constraints: 3705303b)

com.google.truth:truth:1.4.5 (1 constraints: 1d1219fb)

com.palantir.safe-logging:preconditions-assertj:3.16.0 (1 constraints: 3c05473b)

com.palantir.tracing:tracing-test-utils:6.36.0 (1 constraints: 4105613b)

com.spotify.dataenum:dataenum:1.4.1 (1 constraints: e9105ac1)

com.squareup.okhttp3:mockwebserver3:5.3.2 (1 constraints: f81162fe)

com.squareup.okhttp3:mockwebserver3-junit5:5.3.2 (1 constraints: 0c050f36)

com.squareup.okhttp3:okhttp:5.3.2 (1 constraints: 3a053f3b)

com.squareup.okhttp3:okhttp-jvm:5.3.2 (2 constraints: 6321c88d)

com.squareup.okio:okio:3.16.4 (1 constraints: 880cce09)

com.squareup.okio:okio-jvm:3.16.4 (2 constraints: 86183ecb)

commons-logging:commons-logging:1.2 (2 constraints: 8215ead1)

de.erichseifert.vectorgraphics2d:VectorGraphics2D:0.13 (1 constraints: 8c0a80bb)

de.rototor.pdfbox:graphics2d:0.25 (1 constraints: 8f0a84bb)

io.undertow:undertow-core:2.2.38.Final (1 constraints: 59075361)

junit:junit:4.13.2 (2 constraints: de1ce71a)

net.bytebuddy:byte-buddy:1.18.3 (2 constraints: 9c16b43e)

net.bytebuddy:byte-buddy-agent:1.17.7 (1 constraints: 4a0b4ede)

net.jcip:jcip-annotations:1.0 (1 constraints: 560ff165)

net.sf.jopt-simple:jopt-simple:5.0.4 (1 constraints: be0ad6cc)

org.apache-extras.beanshell:bsh:2.0b6 (1 constraints: ac07626b)

org.apache.commons:commons-lang3:3.20.0 (1 constraints: 3705393b)

org.apache.commons:commons-math3:3.6.1 (1 constraints: bf0adbcc)

org.apache.logging.log4j:log4j-api:2.24.0 (3 constraints: 9330c59c)

org.apache.logging.log4j:log4j-core:2.24.0 (3 constraints: 1227c18e)

org.apache.logging.log4j:log4j-slf4j-impl:2.24.0 (1 constraints: 3a053f3b)

org.apache.logging.log4j:log4j-slf4j2-impl:2.24.0 (1 constraints: 3a053f3b)

org.apache.pdfbox:fontbox:2.0.17 (1 constraints: 180b71d8)

org.apache.pdfbox:pdfbox:2.0.17 (1 constraints: b40c5915)

org.apiguardian:apiguardian-api:1.1.2 (6 constraints: 5366ce6e)

org.assertj:assertj-core:3.27.7 (3 constraints: 64253351)

org.assertj:assertj-guava:3.3.0 (1 constraints: 08050336)

org.awaitility:awaitility:4.3.0 (1 constraints: 09050836)

org.bouncycastle:bcpkix-jdk18on:1.84 (1 constraints: e1040331)

org.bouncycastle:bcprov-jdk18on:1.84 (1 constraints: 620d6f29)

org.bouncycastle:bcutil-jdk18on:1.84 (1 constraints: 600d2c29)

org.hamcrest:hamcrest:3.0 (3 constraints: f41d9170)

org.hamcrest:hamcrest-core:3.0 (3 constraints: 2f17a237)

org.hamcrest:hamcrest-library:2.2 (1 constraints: 1607425c)

org.jboss.xnio:xnio-api:3.8.16.Final (2 constraints: d71a2474)

org.jboss.xnio:xnio-nio:3.8.16.Final (1 constraints: f80dc53d)

org.jetbrains.kotlin:kotlin-stdlib:2.2.21 (5 constraints: 2d48f8d1)

org.jmock:jmock:2.13.1 (1 constraints: 3905393b)

org.jmock:jmock-testjar:2.13.1 (1 constraints: a707a672)

org.junit.jupiter:junit-jupiter:6.1.0 (1 constraints: 48070b70)

org.junit.jupiter:junit-jupiter-api:6.1.0 (6 constraints: 87555e8f)

org.junit.jupiter:junit-jupiter-engine:6.1.0 (1 constraints: 040ecd3b)

org.junit.jupiter:junit-jupiter-params:6.1.0 (2 constraints: 0c13283b)

org.junit.platform:junit-platform-commons:6.1.0 (2 constraints: d5204b4a)

org.junit.platform:junit-platform-engine:6.1.0 (2 constraints: ed22e007)

org.junit.platform:junit-platform-launcher:6.1.0 (1 constraints: 09050c36)

org.knowm.xchart:xchart:3.6.1 (1 constraints: 0c050d36)

org.mockito:mockito-core:5.23.0 (2 constraints: 3014cc86)

org.mockito:mockito-junit-jupiter:5.23.0 (1 constraints: 3c054e3b)

org.objenesis:objenesis:3.3 (1 constraints: b20a14bd)

org.openjdk.jmh:jmh-core:1.37 (1 constraints: df04fc30)

org.opentest4j:opentest4j:1.3.0 (2 constraints: cf209249)

org.ow2.asm:asm:9.8 (2 constraints: 8311cf00)

org.wildfly.client:wildfly-client-config:1.0.1.Final (1 constraints: 940c6308)

org.yaml:snakeyaml:2.5 (1 constraints: 3f178e10)
