# Run ./gradlew --write-locks to regenerate this file
com.fasterxml.jackson:jackson-bom:2.12.5 (10 constraints: 7fd259cd)
com.fasterxml.jackson.core:jackson-annotations:2.12.5 (9 constraints: c48cd3cc)
com.fasterxml.jackson.core:jackson-core:2.12.5 (14 constraints: 29096c27)
com.fasterxml.jackson.core:jackson-databind:2.12.5 (18 constraints: 886341aa)
com.fasterxml.jackson.dataformat:jackson-dataformat-cbor:2.12.5 (3 constraints: 5a3bfbcf)
com.fasterxml.jackson.dataformat:jackson-dataformat-smile:2.12.5 (3 constraints: 5a3bfbcf)
com.fasterxml.jackson.datatype:jackson-datatype-guava:2.12.5 (4 constraints: 4e477b20)
com.fasterxml.jackson.datatype:jackson-datatype-jdk8:2.12.5 (4 constraints: 4e477b20)
com.fasterxml.jackson.datatype:jackson-datatype-joda:2.12.5 (3 constraints: 5a3bfbcf)
com.fasterxml.jackson.datatype:jackson-datatype-jsr310:2.12.5 (3 constraints: 5a3bfbcf)
com.fasterxml.jackson.module:jackson-module-afterburner:2.12.5 (3 constraints: 763bf6d1)
com.github.ben-manes.caffeine:caffeine:3.0.5 (3 constraints: a927770c)
com.google.auto:auto-common:0.11 (1 constraints: e711f5e8)
com.google.code.findbugs:jsr305:3.0.2 (16 constraints: d9e7aa2e)
com.google.errorprone:error_prone_annotations:2.10.0 (17 constraints: 73fc368d)
com.google.guava:failureaccess:1.0.1 (7 constraints: 0b5f4126)
com.google.guava:guava:31.0.1-jre (19 constraints: ee342109)
com.google.guava:listenablefuture:9999.0-empty-to-avoid-conflict-with-guava (7 constraints: aabece21)
com.google.j2objc:j2objc-annotations:1.3 (7 constraints: 875cf125)
com.palantir.common:streams:1.9.1 (2 constraints: ff14c4b7)
com.palantir.conjure.java:conjure-lib:6.12.0 (1 constraints: 3b054d3b)
com.palantir.conjure.java.api:errors:2.22.0 (2 constraints: 5515f5d9)
com.palantir.conjure.java.api:service-config:2.22.0 (3 constraints: 6c29d410)
com.palantir.conjure.java.api:ssl-config:2.22.0 (3 constraints: bb35209e)
com.palantir.conjure.java.runtime:client-config:7.23.0 (2 constraints: 60154edb)
com.palantir.conjure.java.runtime:conjure-java-jackson-optimizations:7.23.0 (2 constraints: a42c2339)
com.palantir.conjure.java.runtime:conjure-java-jackson-serialization:7.23.0 (3 constraints: 7b2657c5)
com.palantir.conjure.java.runtime:keystores:7.23.0 (3 constraints: 7d29c114)
com.palantir.goethe:goethe:0.5.0 (2 constraints: f3148cb6)
com.palantir.refreshable:refreshable:2.1.0 (3 constraints: d32837ad)
com.palantir.ri:resource-identifier:2.3.0 (2 constraints: f1148eb6)
com.palantir.safe-logging:logger:1.20.0 (12 constraints: 38b87434)
com.palantir.safe-logging:logger-slf4j:1.20.0 (6 constraints: 5958718e)
com.palantir.safe-logging:logger-spi:1.20.0 (7 constraints: 9668babb)
com.palantir.safe-logging:preconditions:1.20.0 (16 constraints: a006b832)
com.palantir.safe-logging:safe-logging:1.20.0 (16 constraints: 2ff9f5b1)
com.palantir.safethreadlocalrandom:safe-thread-local-random:0.1.0 (2 constraints: eb14bcb5)
com.palantir.tokens:auth-tokens:3.11.0 (3 constraints: 0f28ce89)
com.palantir.tracing:tracing:6.7.0 (4 constraints: fd3341af)
com.palantir.tracing:tracing-api:6.7.0 (4 constraints: 963217dc)
com.palantir.tritium:tritium-api:0.38.0 (3 constraints: 542f7901)
com.palantir.tritium:tritium-core:0.38.0 (2 constraints: 60204d31)
com.palantir.tritium:tritium-metrics:0.38.0 (2 constraints: 5a15e5da)
com.palantir.tritium:tritium-registry:0.38.0 (4 constraints: b839b528)
com.squareup:javapoet:1.13.0 (3 constraints: 4721e1d0)
commons-codec:commons-codec:1.15 (2 constraints: cd2235f5)
io.dropwizard.metrics:metrics-core:4.1.2 (4 constraints: 97352c47)
jakarta.annotation:jakarta.annotation-api:1.3.5 (7 constraints: 575f4ae5)
jakarta.ws.rs:jakarta.ws.rs-api:2.1.6 (7 constraints: 575f4ae5)
joda-time:joda-time:2.10.13 (2 constraints: 7c2641d4)
org.apache.httpcomponents.client5:httpclient5:5.1.2 (2 constraints: f91434b7)
org.apache.httpcomponents.core5:httpcore5:5.1.3 (4 constraints: 8c3aa2d3)
org.apache.httpcomponents.core5:httpcore5-h2:5.1.3 (2 constraints: 2b232c32)
org.checkerframework:checker-qual:3.19.0 (9 constraints: 847a07de)
org.derive4j:derive4j-annotation:1.1.1 (1 constraints: 0505f435)
org.glassfish.hk2:osgi-resource-locator:1.0.3 (5 constraints: 5d4ced69)
org.glassfish.hk2.external:jakarta.inject:2.6.1 (5 constraints: 764c3973)
org.glassfish.jersey.core:jersey-common:2.34 (5 constraints: 9b3f5224)
org.hdrhistogram:HdrHistogram:2.1.12 (2 constraints: 5b203831)
org.immutables:value:2.9.0 (6 constraints: 934e2980)
org.mpierce.metrics.reservoir:hdrhistogram-metrics-reservoir:1.1.3 (2 constraints: f91f0df8)
org.slf4j:slf4j-api:1.7.33 (10 constraints: 0a9f6c01)

[Test dependencies]
com.fasterxml.jackson.dataformat:jackson-dataformat-yaml:2.12.5 (3 constraints: 1124abd4)
com.google.auto.value:auto-value:1.7.4 (1 constraints: 1f1221fb)
com.google.auto.value:auto-value-annotations:1.7.4 (1 constraints: 640a29b9)
com.google.code.findbugs:annotations:3.0.1 (1 constraints: 9e0aafc3)
com.google.testing.compile:compile-testing:0.19 (1 constraints: de04f630)
com.google.truth:truth:1.1 (1 constraints: b71111d7)
com.palantir.safe-logging:preconditions-assertj:1.20.0 (1 constraints: 35052d3b)
com.palantir.tracing:tracing-test-utils:6.7.0 (3 constraints: be1f5515)
com.spotify.dataenum:dataenum:1.4.1 (1 constraints: e9105ac1)
com.squareup.okhttp3:mockwebserver:3.13.1 (1 constraints: 3a053f3b)
com.squareup.okhttp3:okhttp:3.13.1 (5 constraints: 3b40d8c5)
com.squareup.okio:okio:1.17.2 (4 constraints: 9b38a8e9)
commons-logging:commons-logging:1.2 (2 constraints: 8215ead1)
de.erichseifert.vectorgraphics2d:VectorGraphics2D:0.13 (1 constraints: 8c0a80bb)
de.rototor.pdfbox:graphics2d:0.25 (1 constraints: 8f0a84bb)
io.undertow:undertow-core:2.2.14.Final (5 constraints: f84b1f7b)
junit:junit:4.13.2 (7 constraints: cf656d59)
net.bytebuddy:byte-buddy:1.12.4 (1 constraints: 420b3cde)
net.bytebuddy:byte-buddy-agent:1.12.4 (1 constraints: 420b3cde)
net.jcip:jcip-annotations:1.0 (1 constraints: 560ff165)
net.sf.jopt-simple:jopt-simple:5.0.4 (5 constraints: 1043f204)
org.apache-extras.beanshell:bsh:2.0b6 (1 constraints: ac07626b)
org.apache.commons:commons-lang3:3.12.0 (2 constraints: 5515f9d9)
org.apache.commons:commons-math3:3.2 (5 constraints: 3d423025)
org.apache.logging.log4j:log4j-api:2.17.1 (2 constraints: 941f1345)
org.apache.logging.log4j:log4j-core:2.17.1 (2 constraints: 13166125)
org.apache.logging.log4j:log4j-slf4j-impl:2.17.1 (1 constraints: 3d05453b)
org.apache.pdfbox:fontbox:2.0.17 (1 constraints: 180b71d8)
org.apache.pdfbox:pdfbox:2.0.17 (1 constraints: b40c5915)
org.assertj:assertj-core:3.22.0 (3 constraints: 4b25ed4a)
org.assertj:assertj-guava:3.3.0 (1 constraints: 08050336)
org.awaitility:awaitility:4.1.1 (1 constraints: 08050336)
org.hamcrest:hamcrest:2.2 (3 constraints: f41da570)
org.hamcrest:hamcrest-core:2.2 (3 constraints: 2f17d637)
org.hamcrest:hamcrest-library:2.1 (1 constraints: 1507415c)
org.jboss.logging:jboss-logging:3.4.1.Final (7 constraints: ce74dabc)
org.jboss.threads:jboss-threads:3.1.0.Final (3 constraints: 562c52bf)
org.jboss.xnio:xnio-api:3.8.4.Final (6 constraints: 685e7f86)
org.jboss.xnio:xnio-nio:3.8.4.Final (5 constraints: bc51605a)
org.jmock:jmock:2.12.0 (1 constraints: 3705353b)
org.jmock:jmock-testjar:2.12.0 (1 constraints: a507a272)
org.junit:junit-bom:5.8.2 (8 constraints: f587147e)
org.junit.jupiter:junit-jupiter:5.8.2 (2 constraints: 260e7a59)
org.junit.jupiter:junit-jupiter-api:5.8.2 (7 constraints: 8361baf7)
org.junit.jupiter:junit-jupiter-engine:5.8.2 (2 constraints: 2117d23c)
org.junit.jupiter:junit-jupiter-migrationsupport:5.8.2 (2 constraints: 260e7a59)
org.junit.jupiter:junit-jupiter-params:5.8.2 (3 constraints: 311c3fcb)
org.junit.platform:junit-platform-commons:1.8.2 (3 constraints: ee29ed2b)
org.junit.platform:junit-platform-engine:1.8.2 (3 constraints: 3c2ac55d)
org.junit.vintage:junit-vintage-engine:5.8.2 (2 constraints: 260e7a59)
org.knowm.xchart:xchart:3.6.1 (1 constraints: 0c050d36)
org.mockito:mockito-core:4.2.0 (2 constraints: c813be64)
org.mockito:mockito-junit-jupiter:4.2.0 (1 constraints: 08050536)
org.objenesis:objenesis:3.2 (1 constraints: b10a13bd)
org.openjdk.jmh:jmh-core:1.34 (5 constraints: 863d81a6)
org.opentest4j:opentest4j:1.2.0 (2 constraints: cd205b49)
org.ow2.asm:asm:9.0 (2 constraints: 1c1131dd)
org.wildfly.client:wildfly-client-config:1.0.1.Final (2 constraints: 951e26b4)
org.wildfly.common:wildfly-common:1.5.2.Final (4 constraints: cd411c1c)
org.yaml:snakeyaml:1.27 (2 constraints: 35279cd0)
